
Microsoft Visual Studio Solution File, Format Version 12.00
# Visual Studio Version 17
VisualStudioVersion = 17.11.35222.181
MinimumVisualStudioVersion = 10.0.40219.1
Project("{FAE04EC0-301F-11D3-BF4B-00C04F79EFBC}") = "APITesting", "APITesting\APITesting.csproj", "{5F89EC2F-CC44-4D0A-8D19-F0D46542127D}"
EndProject
Global
	GlobalSection(SolutionConfigurationPlatforms) = preSolution
		Debug|Any CPU = Debug|Any CPU
		Release|Any CPU = Release|Any CPU
	EndGlobalSection
	GlobalSection(ProjectConfigurationPlatforms) = postSolution
		{5F89EC2F-CC44-4D0A-8D19-F0D46542127D}.Debug|Any CPU.ActiveCfg = Debug|Any CPU
		{5F89EC2F-CC44-4D0A-8D19-F0D46542127D}.Debug|Any CPU.Build.0 = Debug|Any CPU
		{5F89EC2F-CC44-4D0A-8D19-F0D46542127D}.Release|Any CPU.ActiveCfg = Release|Any CPU
		{5F89EC2F-CC44-4D0A-8D19-F0D46542127D}.Release|Any CPU.Build.0 = Release|Any CPU
	EndGlobalSection
	GlobalSection(SolutionProperties) = preSolution
		HideSolutionNode = FALSE
	EndGlobalSection
	GlobalSection(ExtensibilityGlobals) = postSolution
		SolutionGuid = {063F3A56-9493-4BA1-9E63-2F248D29BF66}
	EndGlobalSection
EndGlobal
